
Microsoft Visual Studio Solution File, Format Version 12.00
# Visual Studio Version 17
VisualStudioVersion = 17.6.33712.159
MinimumVisualStudioVersion = 10.0.40219.1
Project("{9A19103F-16F7-4668-BE54-9A1E7A4F7556}") = "Sera", "Sera\Sera.csproj", "{72969581-B073-47F7-8850-A5C81D0B938B}"
EndProject
Project("{2150E333-8FDC-42A3-9474-1A3956D46DE8}") = "Core", "Core", "{307CA1E6-D8F2-46B4-956F-07872B6EDD0E}"
EndProject
Project("{9A19103F-16F7-4668-BE54-9A1E7A4F7556}") = "Sera.Core", "Sera.Core\Sera.Core.csproj", "{9958CDF2-F0F4-4E56-9509-D0B8369AD505}"
EndProject
Project("{9A19103F-16F7-4668-BE54-9A1E7A4F7556}") = "Sera.Runtime", "Sera.Runtime\Sera.Runtime.csproj", "{E9754BE7-A4A9-4560-9223-8CEB5327C4B1}"
EndProject
Project("{2150E333-8FDC-42A3-9474-1A3956D46DE8}") = "Json", "Json", "{03FB4982-057C-4442-86A3-1999A4DA2AA4}"
EndProject
Project("{9A19103F-16F7-4668-BE54-9A1E7A4F7556}") = "Sera.Json", "Sera.Json\Sera.Json.csproj", "{04C0CC35-ADF1-4057-A96F-05AC6BC52C56}"
EndProject
Project("{9A19103F-16F7-4668-BE54-9A1E7A4F7556}") = "TestJson", "TestJson\TestJson.csproj", "{C71F5518-835C-406D-80D8-C7A79CEA6A09}"
EndProject
Project("{6EC3EE1D-3C4E-46DD-8F32-0CC8E7565705}") = "TestJsonFs", "TestJsonFs\TestJsonFs.fsproj", "{A49807DA-60DC-4EA5-B29C-E4738AC6DB23}"
EndProject
Project("{9A19103F-16F7-4668-BE54-9A1E7A4F7556}") = "TestCore", "TestCore\TestCore.csproj", "{0B1F6A66-2000-471B-B596-983987C173E8}"
EndProject
Project("{9A19103F-16F7-4668-BE54-9A1E7A4F7556}") = "Sera.Emit.Template", "Sera.Emit.Template\Sera.Emit.Template.csproj", "{2A634BA1-E881-4129-9A0F-58AF60553584}"
EndProject
Project("{F2A71F9B-5D33-465A-A702-920D77279786}") = "Sera.FSharp", "Sera.FSharp\Sera.FSharp.fsproj", "{B1097A01-E4CA-48E1-89C5-38F22B7819F7}"
EndProject
Project("{F2A71F9B-5D33-465A-A702-920D77279786}") = "Sera.Runtime.FSharp", "Sera.Runtime.FSharp\Sera.Runtime.FSharp.fsproj", "{9AE99C20-FD6D-4569-B51F-85F2E812AADC}"
EndProject
Project("{F2A71F9B-5D33-465A-A702-920D77279786}") = "Sera.Emit.FSharp.Template", "Sera.Emit.FSharp.Template\Sera.Emit.FSharp.Template.fsproj", "{01F2773D-CF70-4D93-A9E2-17EBD0B3F4DF}"
EndProject
Global
	GlobalSection(SolutionConfigurationPlatforms) = preSolution
		Debug|Any CPU = Debug|Any CPU
		Release|Any CPU = Release|Any CPU
	EndGlobalSection
	GlobalSection(ProjectConfigurationPlatforms) = postSolution
		{72969581-B073-47F7-8850-A5C81D0B938B}.Debug|Any CPU.ActiveCfg = Debug|Any CPU
		{72969581-B073-47F7-8850-A5C81D0B938B}.Debug|Any CPU.Build.0 = Debug|Any CPU
		{72969581-B073-47F7-8850-A5C81D0B938B}.Release|Any CPU.ActiveCfg = Release|Any CPU
		{72969581-B073-47F7-8850-A5C81D0B938B}.Release|Any CPU.Build.0 = Release|Any CPU
		{9958CDF2-F0F4-4E56-9509-D0B8369AD505}.Debug|Any CPU.ActiveCfg = Debug|Any CPU
		{9958CDF2-F0F4-4E56-9509-D0B8369AD505}.Debug|Any CPU.Build.0 = Debug|Any CPU
		{9958CDF2-F0F4-4E56-9509-D0B8369AD505}.Release|Any CPU.ActiveCfg = Release|Any CPU
		{9958CDF2-F0F4-4E56-9509-D0B8369AD505}.Release|Any CPU.Build.0 = Release|Any CPU
		{E9754BE7-A4A9-4560-9223-8CEB5327C4B1}.Debug|Any CPU.ActiveCfg = Debug|Any CPU
		{E9754BE7-A4A9-4560-9223-8CEB5327C4B1}.Debug|Any CPU.Build.0 = Debug|Any CPU
		{E9754BE7-A4A9-4560-9223-8CEB5327C4B1}.Release|Any CPU.ActiveCfg = Release|Any CPU
		{E9754BE7-A4A9-4560-9223-8CEB5327C4B1}.Release|Any CPU.Build.0 = Release|Any CPU
		{04C0CC35-ADF1-4057-A96F-05AC6BC52C56}.Debug|Any CPU.ActiveCfg = Debug|Any CPU
		{04C0CC35-ADF1-4057-A96F-05AC6BC52C56}.Debug|Any CPU.Build.0 = Debug|Any CPU
		{04C0CC35-ADF1-4057-A96F-05AC6BC52C56}.Release|Any CPU.ActiveCfg = Release|Any CPU
		{04C0CC35-ADF1-4057-A96F-05AC6BC52C56}.Release|Any CPU.Build.0 = Release|Any CPU
		{C71F5518-835C-406D-80D8-C7A79CEA6A09}.Debug|Any CPU.ActiveCfg = Debug|Any CPU
		{C71F5518-835C-406D-80D8-C7A79CEA6A09}.Debug|Any CPU.Build.0 = Debug|Any CPU
		{C71F5518-835C-406D-80D8-C7A79CEA6A09}.Release|Any CPU.ActiveCfg = Release|Any CPU
		{C71F5518-835C-406D-80D8-C7A79CEA6A09}.Release|Any CPU.Build.0 = Release|Any CPU
		{A49807DA-60DC-4EA5-B29C-E4738AC6DB23}.Debug|Any CPU.ActiveCfg = Debug|Any CPU
		{A49807DA-60DC-4EA5-B29C-E4738AC6DB23}.Debug|Any CPU.Build.0 = Debug|Any CPU
		{A49807DA-60DC-4EA5-B29C-E4738AC6DB23}.Release|Any CPU.ActiveCfg = Release|Any CPU
		{A49807DA-60DC-4EA5-B29C-E4738AC6DB23}.Release|Any CPU.Build.0 = Release|Any CPU
		{0B1F6A66-2000-471B-B596-983987C173E8}.Debug|Any CPU.ActiveCfg = Debug|Any CPU
		{0B1F6A66-2000-471B-B596-983987C173E8}.Debug|Any CPU.Build.0 = Debug|Any CPU
		{0B1F6A66-2000-471B-B596-983987C173E8}.Release|Any CPU.ActiveCfg = Release|Any CPU
		{0B1F6A66-2000-471B-B596-983987C173E8}.Release|Any CPU.Build.0 = Release|Any CPU
		{2A634BA1-E881-4129-9A0F-58AF60553584}.Debug|Any CPU.ActiveCfg = Debug|Any CPU
		{2A634BA1-E881-4129-9A0F-58AF60553584}.Debug|Any CPU.Build.0 = Debug|Any CPU
		{2A634BA1-E881-4129-9A0F-58AF60553584}.Release|Any CPU.ActiveCfg = Release|Any CPU
		{2A634BA1-E881-4129-9A0F-58AF60553584}.Release|Any CPU.Build.0 = Release|Any CPU
		{B1097A01-E4CA-48E1-89C5-38F22B7819F7}.Debug|Any CPU.ActiveCfg = Debug|Any CPU
		{B1097A01-E4CA-48E1-89C5-38F22B7819F7}.Debug|Any CPU.Build.0 = Debug|Any CPU
		{B1097A01-E4CA-48E1-89C5-38F22B7819F7}.Release|Any CPU.ActiveCfg = Release|Any CPU
		{B1097A01-E4CA-48E1-89C5-38F22B7819F7}.Release|Any CPU.Build.0 = Release|Any CPU
		{9AE99C20-FD6D-4569-B51F-85F2E812AADC}.Debug|Any CPU.ActiveCfg = Debug|Any CPU
		{9AE99C20-FD6D-4569-B51F-85F2E812AADC}.Debug|Any CPU.Build.0 = Debug|Any CPU
		{9AE99C20-FD6D-4569-B51F-85F2E812AADC}.Release|Any CPU.ActiveCfg = Release|Any CPU
		{9AE99C20-FD6D-4569-B51F-85F2E812AADC}.Release|Any CPU.Build.0 = Release|Any CPU
		{01F2773D-CF70-4D93-A9E2-17EBD0B3F4DF}.Debug|Any CPU.ActiveCfg = Debug|Any CPU
		{01F2773D-CF70-4D93-A9E2-17EBD0B3F4DF}.Debug|Any CPU.Build.0 = Debug|Any CPU
		{01F2773D-CF70-4D93-A9E2-17EBD0B3F4DF}.Release|Any CPU.ActiveCfg = Release|Any CPU
		{01F2773D-CF70-4D93-A9E2-17EBD0B3F4DF}.Release|Any CPU.Build.0 = Release|Any CPU
	EndGlobalSection
	GlobalSection(SolutionProperties) = preSolution
		HideSolutionNode = FALSE
	EndGlobalSection
	GlobalSection(NestedProjects) = preSolution
		{72969581-B073-47F7-8850-A5C81D0B938B} = {307CA1E6-D8F2-46B4-956F-07872B6EDD0E}
		{9958CDF2-F0F4-4E56-9509-D0B8369AD505} = {307CA1E6-D8F2-46B4-956F-07872B6EDD0E}
		{E9754BE7-A4A9-4560-9223-8CEB5327C4B1} = {307CA1E6-D8F2-46B4-956F-07872B6EDD0E}
		{04C0CC35-ADF1-4057-A96F-05AC6BC52C56} = {03FB4982-057C-4442-86A3-1999A4DA2AA4}
		{C71F5518-835C-406D-80D8-C7A79CEA6A09} = {03FB4982-057C-4442-86A3-1999A4DA2AA4}
		{A49807DA-60DC-4EA5-B29C-E4738AC6DB23} = {03FB4982-057C-4442-86A3-1999A4DA2AA4}
		{0B1F6A66-2000-471B-B596-983987C173E8} = {307CA1E6-D8F2-46B4-956F-07872B6EDD0E}
		{2A634BA1-E881-4129-9A0F-58AF60553584} = {307CA1E6-D8F2-46B4-956F-07872B6EDD0E}
		{B1097A01-E4CA-48E1-89C5-38F22B7819F7} = {307CA1E6-D8F2-46B4-956F-07872B6EDD0E}
		{9AE99C20-FD6D-4569-B51F-85F2E812AADC} = {307CA1E6-D8F2-46B4-956F-07872B6EDD0E}
		{01F2773D-CF70-4D93-A9E2-17EBD0B3F4DF} = {307CA1E6-D8F2-46B4-956F-07872B6EDD0E}
	EndGlobalSection
	GlobalSection(ExtensibilityGlobals) = postSolution
		SolutionGuid = {85874BB3-7F17-4418-8B8B-60FC2EF987E5}
	EndGlobalSection
EndGlobal
