
Microsoft Visual Studio Solution File, Format Version 12.00
Project("{FAE04EC0-301F-11D3-BF4B-00C04F79EFBC}") = "Sera", "Sera\Sera.csproj", "{72969581-B073-47F7-8850-A5C81D0B938B}"
EndProject
Project("{2150E333-8FDC-42A3-9474-1A3956D46DE8}") = "Core", "Core", "{307CA1E6-D8F2-46B4-956F-07872B6EDD0E}"
EndProject
Project("{FAE04EC0-301F-11D3-BF4B-00C04F79EFBC}") = "Sera.Core", "Sera.Core\Sera.Core.csproj", "{9958CDF2-F0F4-4E56-9509-D0B8369AD505}"
EndProject
Project("{FAE04EC0-301F-11D3-BF4B-00C04F79EFBC}") = "Sera.Runtime", "Sera.Runtime\Sera.Runtime.csproj", "{E9754BE7-A4A9-4560-9223-8CEB5327C4B1}"
EndProject
Project("{2150E333-8FDC-42A3-9474-1A3956D46DE8}") = "Json", "Json", "{03FB4982-057C-4442-86A3-1999A4DA2AA4}"
EndProject
Project("{FAE04EC0-301F-11D3-BF4B-00C04F79EFBC}") = "Sera.Json", "Sera.Json\Sera.Json.csproj", "{04C0CC35-ADF1-4057-A96F-05AC6BC52C56}"
EndProject
Project("{FAE04EC0-301F-11D3-BF4B-00C04F79EFBC}") = "TestJson", "TestJson\TestJson.csproj", "{C71F5518-835C-406D-80D8-C7A79CEA6A09}"
EndProject
Project("{F2A71F9B-5D33-465A-A702-920D77279786}") = "TestJsonFs", "TestJsonFs\TestJsonFs.fsproj", "{A49807DA-60DC-4EA5-B29C-E4738AC6DB23}"
EndProject
Project("{FAE04EC0-301F-11D3-BF4B-00C04F79EFBC}") = "TestCore", "TestCore\TestCore.csproj", "{0B1F6A66-2000-471B-B596-983987C173E8}"
EndProject
Global
	GlobalSection(SolutionConfigurationPlatforms) = preSolution
		Debug|Any CPU = Debug|Any CPU
		Release|Any CPU = Release|Any CPU
	EndGlobalSection
	GlobalSection(ProjectConfigurationPlatforms) = postSolution
		{72969581-B073-47F7-8850-A5C81D0B938B}.Debug|Any CPU.ActiveCfg = Debug|Any CPU
		{72969581-B073-47F7-8850-A5C81D0B938B}.Debug|Any CPU.Build.0 = Debug|Any CPU
		{72969581-B073-47F7-8850-A5C81D0B938B}.Release|Any CPU.ActiveCfg = Release|Any CPU
		{72969581-B073-47F7-8850-A5C81D0B938B}.Release|Any CPU.Build.0 = Release|Any CPU
		{9958CDF2-F0F4-4E56-9509-D0B8369AD505}.Debug|Any CPU.ActiveCfg = Debug|Any CPU
		{9958CDF2-F0F4-4E56-9509-D0B8369AD505}.Debug|Any CPU.Build.0 = Debug|Any CPU
		{9958CDF2-F0F4-4E56-9509-D0B8369AD505}.Release|Any CPU.ActiveCfg = Release|Any CPU
		{9958CDF2-F0F4-4E56-9509-D0B8369AD505}.Release|Any CPU.Build.0 = Release|Any CPU
		{E9754BE7-A4A9-4560-9223-8CEB5327C4B1}.Debug|Any CPU.ActiveCfg = Debug|Any CPU
		{E9754BE7-A4A9-4560-9223-8CEB5327C4B1}.Debug|Any CPU.Build.0 = Debug|Any CPU
		{E9754BE7-A4A9-4560-9223-8CEB5327C4B1}.Release|Any CPU.ActiveCfg = Release|Any CPU
		{E9754BE7-A4A9-4560-9223-8CEB5327C4B1}.Release|Any CPU.Build.0 = Release|Any CPU
		{04C0CC35-ADF1-4057-A96F-05AC6BC52C56}.Debug|Any CPU.ActiveCfg = Debug|Any CPU
		{04C0CC35-ADF1-4057-A96F-05AC6BC52C56}.Debug|Any CPU.Build.0 = Debug|Any CPU
		{04C0CC35-ADF1-4057-A96F-05AC6BC52C56}.Release|Any CPU.ActiveCfg = Release|Any CPU
		{04C0CC35-ADF1-4057-A96F-05AC6BC52C56}.Release|Any CPU.Build.0 = Release|Any CPU
		{C71F5518-835C-406D-80D8-C7A79CEA6A09}.Debug|Any CPU.ActiveCfg = Debug|Any CPU
		{C71F5518-835C-406D-80D8-C7A79CEA6A09}.Debug|Any CPU.Build.0 = Debug|Any CPU
		{C71F5518-835C-406D-80D8-C7A79CEA6A09}.Release|Any CPU.ActiveCfg = Release|Any CPU
		{C71F5518-835C-406D-80D8-C7A79CEA6A09}.Release|Any CPU.Build.0 = Release|Any CPU
		{A49807DA-60DC-4EA5-B29C-E4738AC6DB23}.Debug|Any CPU.ActiveCfg = Debug|Any CPU
		{A49807DA-60DC-4EA5-B29C-E4738AC6DB23}.Debug|Any CPU.Build.0 = Debug|Any CPU
		{A49807DA-60DC-4EA5-B29C-E4738AC6DB23}.Release|Any CPU.ActiveCfg = Release|Any CPU
		{A49807DA-60DC-4EA5-B29C-E4738AC6DB23}.Release|Any CPU.Build.0 = Release|Any CPU
		{0B1F6A66-2000-471B-B596-983987C173E8}.Debug|Any CPU.ActiveCfg = Debug|Any CPU
		{0B1F6A66-2000-471B-B596-983987C173E8}.Debug|Any CPU.Build.0 = Debug|Any CPU
		{0B1F6A66-2000-471B-B596-983987C173E8}.Release|Any CPU.ActiveCfg = Release|Any CPU
		{0B1F6A66-2000-471B-B596-983987C173E8}.Release|Any CPU.Build.0 = Release|Any CPU
	EndGlobalSection
	GlobalSection(NestedProjects) = preSolution
		{72969581-B073-47F7-8850-A5C81D0B938B} = {307CA1E6-D8F2-46B4-956F-07872B6EDD0E}
		{9958CDF2-F0F4-4E56-9509-D0B8369AD505} = {307CA1E6-D8F2-46B4-956F-07872B6EDD0E}
		{E9754BE7-A4A9-4560-9223-8CEB5327C4B1} = {307CA1E6-D8F2-46B4-956F-07872B6EDD0E}
		{04C0CC35-ADF1-4057-A96F-05AC6BC52C56} = {03FB4982-057C-4442-86A3-1999A4DA2AA4}
		{C71F5518-835C-406D-80D8-C7A79CEA6A09} = {03FB4982-057C-4442-86A3-1999A4DA2AA4}
		{A49807DA-60DC-4EA5-B29C-E4738AC6DB23} = {03FB4982-057C-4442-86A3-1999A4DA2AA4}
		{0B1F6A66-2000-471B-B596-983987C173E8} = {307CA1E6-D8F2-46B4-956F-07872B6EDD0E}
	EndGlobalSection
EndGlobal
